
Microsoft Visual Studio Solution File, Format Version 12.00
# Visual Studio Version 17
VisualStudioVersion = 17.5.002.0
MinimumVisualStudioVersion = 10.0.40219.1
Project("{9A19103F-16F7-4668-BE54-9A1E7A4F7556}") = "project", "project.csproj", "{A8378FCB-C126-4EB1-B474-0F529D4CA0EB}"
EndProject
Global
	GlobalSection(SolutionConfigurationPlatforms) = preSolution
		Debug|Any CPU = Debug|Any CPU
		Release|Any CPU = Release|Any CPU
	EndGlobalSection
	GlobalSection(ProjectConfigurationPlatforms) = postSolution
		{A8378FCB-C126-4EB1-B474-0F529D4CA0EB}.Debug|Any CPU.ActiveCfg = Debug|Any CPU
		{A8378FCB-C126-4EB1-B474-0F529D4CA0EB}.Debug|Any CPU.Build.0 = Debug|Any CPU
		{A8378FCB-C126-4EB1-B474-0F529D4CA0EB}.Release|Any CPU.ActiveCfg = Release|Any CPU
		{A8378FCB-C126-4EB1-B474-0F529D4CA0EB}.Release|Any CPU.Build.0 = Release|Any CPU
	EndGlobalSection
	GlobalSection(SolutionProperties) = preSolution
		HideSolutionNode = FALSE
	EndGlobalSection
	GlobalSection(ExtensibilityGlobals) = postSolution
		SolutionGuid = {B98CA91C-A549-4E75-B065-368BF585F7B1}
	EndGlobalSection
EndGlobal
